
Microsoft Visual Studio Solution File, Format Version 12.00
# Visual Studio 2013
VisualStudioVersion = 12.0.40629.0
MinimumVisualStudioVersion = 10.0.40219.1
Project("{FAE04EC0-301F-11D3-BF4B-00C04F79EFBC}") = "Loyalty.Test", "Loyalty.Test\Loyalty.Test.csproj", "{256F867E-9682-41B1-B6CA-9744897DC9CA}"
EndProject
Project("{FAE04EC0-301F-11D3-BF4B-00C04F79EFBC}") = "Anatoli.ViewModels", "..\..\Anatoli\Anatoli-SharedLibrary\Anatoli.ViewModels\Anatoli.ViewModels.csproj", "{41DD2CA9-EEDA-4EDB-B6F8-6F4A4ACFB259}"
EndProject
Global
	GlobalSection(SolutionConfigurationPlatforms) = preSolution
		Debug|Any CPU = Debug|Any CPU
		Release|Any CPU = Release|Any CPU
	EndGlobalSection
	GlobalSection(ProjectConfigurationPlatforms) = postSolution
		{256F867E-9682-41B1-B6CA-9744897DC9CA}.Debug|Any CPU.ActiveCfg = Debug|Any CPU
		{256F867E-9682-41B1-B6CA-9744897DC9CA}.Debug|Any CPU.Build.0 = Debug|Any CPU
		{256F867E-9682-41B1-B6CA-9744897DC9CA}.Release|Any CPU.ActiveCfg = Release|Any CPU
		{256F867E-9682-41B1-B6CA-9744897DC9CA}.Release|Any CPU.Build.0 = Release|Any CPU
		{41DD2CA9-EEDA-4EDB-B6F8-6F4A4ACFB259}.Debug|Any CPU.ActiveCfg = Debug|Any CPU
		{41DD2CA9-EEDA-4EDB-B6F8-6F4A4ACFB259}.Debug|Any CPU.Build.0 = Debug|Any CPU
		{41DD2CA9-EEDA-4EDB-B6F8-6F4A4ACFB259}.Release|Any CPU.ActiveCfg = Release|Any CPU
		{41DD2CA9-EEDA-4EDB-B6F8-6F4A4ACFB259}.Release|Any CPU.Build.0 = Release|Any CPU
	EndGlobalSection
	GlobalSection(SolutionProperties) = preSolution
		HideSolutionNode = FALSE
	EndGlobalSection
EndGlobal
